
Microsoft Visual Studio Solution File, Format Version 12.00
# Visual Studio Version 16
VisualStudioVersion = 16.0.33328.57
MinimumVisualStudioVersion = 10.0.40219.1
Project("{FAE04EC0-301F-11D3-BF4B-00C04F79EFBC}") = "BaiThucHanhBuoi1", "BaiThucHanhBuoi1\BaiThucHanhBuoi1.csproj", "{1E03C870-1D52-4AC4-9468-2E176AC15494}"
EndProject
Project("{FAE04EC0-301F-11D3-BF4B-00C04F79EFBC}") = "Bai2", "Bai2\Bai2.csproj", "{379FC9CD-029D-441B-A3D7-2AE7DC734E75}"
EndProject
Global
	GlobalSection(SolutionConfigurationPlatforms) = preSolution
		Debug|Any CPU = Debug|Any CPU
		Release|Any CPU = Release|Any CPU
	EndGlobalSection
	GlobalSection(ProjectConfigurationPlatforms) = postSolution
		{1E03C870-1D52-4AC4-9468-2E176AC15494}.Debug|Any CPU.ActiveCfg = Debug|Any CPU
		{1E03C870-1D52-4AC4-9468-2E176AC15494}.Debug|Any CPU.Build.0 = Debug|Any CPU
		{1E03C870-1D52-4AC4-9468-2E176AC15494}.Release|Any CPU.ActiveCfg = Release|Any CPU
		{1E03C870-1D52-4AC4-9468-2E176AC15494}.Release|Any CPU.Build.0 = Release|Any CPU
		{379FC9CD-029D-441B-A3D7-2AE7DC734E75}.Debug|Any CPU.ActiveCfg = Debug|Any CPU
		{379FC9CD-029D-441B-A3D7-2AE7DC734E75}.Debug|Any CPU.Build.0 = Debug|Any CPU
		{379FC9CD-029D-441B-A3D7-2AE7DC734E75}.Release|Any CPU.ActiveCfg = Release|Any CPU
		{379FC9CD-029D-441B-A3D7-2AE7DC734E75}.Release|Any CPU.Build.0 = Release|Any CPU
	EndGlobalSection
	GlobalSection(SolutionProperties) = preSolution
		HideSolutionNode = FALSE
	EndGlobalSection
	GlobalSection(ExtensibilityGlobals) = postSolution
		SolutionGuid = {879710FF-6DB3-4491-857D-057984DCA785}
	EndGlobalSection
EndGlobal
